
Microsoft Visual Studio Solution File, Format Version 12.00
# Visual Studio 2012
Project("{FAE04EC0-301F-11D3-BF4B-00C04F79EFBC}") = "Chatbot_auto", "Chatbot_auto\Chatbot_auto.csproj", "{0932F801-4385-4056-BF20-83D29509C583}"
EndProject
Global
	GlobalSection(SolutionConfigurationPlatforms) = preSolution
		Debug|Any CPU = Debug|Any CPU
		Release|Any CPU = Release|Any CPU
	EndGlobalSection
	GlobalSection(ProjectConfigurationPlatforms) = postSolution
		{0932F801-4385-4056-BF20-83D29509C583}.Debug|Any CPU.ActiveCfg = Debug|Any CPU
		{0932F801-4385-4056-BF20-83D29509C583}.Debug|Any CPU.Build.0 = Debug|Any CPU
		{0932F801-4385-4056-BF20-83D29509C583}.Release|Any CPU.ActiveCfg = Release|Any CPU
		{0932F801-4385-4056-BF20-83D29509C583}.Release|Any CPU.Build.0 = Release|Any CPU
	EndGlobalSection
	GlobalSection(SolutionProperties) = preSolution
		HideSolutionNode = FALSE
	EndGlobalSection
EndGlobal
